// !$*UTF8*$!
{
	archiveVersion = 1;
	classes = {
	};
	objectVersion = 46;
	objects = {

/* Begin PBXBuildFile section */
		C03FCE5816B50C36006574E1 /* UIKit.framework in Frameworks */ = {isa = PBXBuildFile; fileRef = C03FCE5716B50C36006574E1 /* UIKit.framework */; };
		C03FCE5A16B50C36006574E1 /* Foundation.framework in Frameworks */ = {isa = PBXBuildFile; fileRef = C03FCE5916B50C36006574E1 /* Foundation.framework */; };
		C03FCE5C16B50C36006574E1 /* CoreGraphics.framework in Frameworks */ = {isa = PBXBuildFile; fileRef = C03FCE5B16B50C36006574E1 /* CoreGraphics.framework */; };
		C03FCE6216B50C36006574E1 /* InfoPlist.strings in Resources */ = {isa = PBXBuildFile; fileRef = C03FCE6016B50C36006574E1 /* InfoPlist.strings */; };
		C03FCE6416B50C36006574E1 /* main.m in Sources */ = {isa = PBXBuildFile; fileRef = C03FCE6316B50C36006574E1 /* main.m */; };
		C03FCE6816B50C36006574E1 /* AppDelegate.m in Sources */ = {isa = PBXBuildFile; fileRef = C03FCE6716B50C36006574E1 /* AppDelegate.m */; };
		C03FCE6A16B50C36006574E1 /* Default.png in Resources */ = {isa = PBXBuildFile; fileRef = C03FCE6916B50C36006574E1 /* Default.png */; };
		C03FCE6C16B50C36006574E1 /* Default@2x.png in Resources */ = {isa = PBXBuildFile; fileRef = C03FCE6B16B50C36006574E1 /* Default@2x.png */; };
		C03FCE6E16B50C36006574E1 /* Default-568h@2x.png in Resources */ = {isa = PBXBuildFile; fileRef = C03FCE6D16B50C36006574E1 /* Default-568h@2x.png */; };
		C03FCE7A16B50CE8006574E1 /* ViewController.m in Sources */ = {isa = PBXBuildFile; fileRef = C03FCE7916B50CE8006574E1 /* ViewController.m */; };
/* End PBXBuildFile section */

/* Begin PBXFileReference section */
		C03FCE5316B50C36006574E1 /* Network.app */ = {isa = PBXFileReference; explicitFileType = wrapper.application; includeInIndex = 0; path = Network.app; sourceTree = BUILT_PRODUCTS_DIR; };
		C03FCE5716B50C36006574E1 /* UIKit.framework */ = {isa = PBXFileReference; lastKnownFileType = wrapper.framework; name = UIKit.framework; path = System/Library/Frameworks/UIKit.framework; sourceTree = SDKROOT; };
		C03FCE5916B50C36006574E1 /* Foundation.framework */ = {isa = PBXFileReference; lastKnownFileType = wrapper.framework; name = Foundation.framework; path = System/Library/Frameworks/Foundation.framework; sourceTree = SDKROOT; };
		C03FCE5B16B50C36006574E1 /* CoreGraphics.framework */ = {isa = PBXFileReference; lastKnownFileType = wrapper.framework; name = CoreGraphics.framework; path = System/Library/Frameworks/CoreGraphics.framework; sourceTree = SDKROOT; };
		C03FCE5F16B50C36006574E1 /* Network-Info.plist */ = {isa = PBXFileReference; lastKnownFileType = text.plist.xml; path = "Network-Info.plist"; sourceTree = "<group>"; };
		C03FCE6116B50C36006574E1 /* en */ = {isa = PBXFileReference; lastKnownFileType = text.plist.strings; name = en; path = en.lproj/InfoPlist.strings; sourceTree = "<group>"; };
		C03FCE6316B50C36006574E1 /* main.m */ = {isa = PBXFileReference; lastKnownFileType = sourcecode.c.objc; path = main.m; sourceTree = "<group>"; };
		C03FCE6516B50C36006574E1 /* Network-Prefix.pch */ = {isa = PBXFileReference; lastKnownFileType = sourcecode.c.h; path = "Network-Prefix.pch"; sourceTree = "<group>"; };
		C03FCE6616B50C36006574E1 /* AppDelegate.h */ = {isa = PBXFileReference; lastKnownFileType = sourcecode.c.h; path = AppDelegate.h; sourceTree = "<group>"; };
		C03FCE6716B50C36006574E1 /* AppDelegate.m */ = {isa = PBXFileReference; lastKnownFileType = sourcecode.c.objc; path = AppDelegate.m; sourceTree = "<group>"; };
		C03FCE6916B50C36006574E1 /* Default.png */ = {isa = PBXFileReference; lastKnownFileType = image.png; path = Default.png; sourceTree = "<group>"; };
		C03FCE6B16B50C36006574E1 /* Default@2x.png */ = {isa = PBXFileReference; lastKnownFileType = image.png; path = "Default@2x.png"; sourceTree = "<group>"; };
		C03FCE6D16B50C36006574E1 /* Default-568h@2x.png */ = {isa = PBXFileReference; lastKnownFileType = image.png; path = "Default-568h@2x.png"; sourceTree = "<group>"; };
		C03FCE7816B50CE8006574E1 /* ViewController.h */ = {isa = PBXFileReference; fileEncoding = 4; lastKnownFileType = sourcecode.c.h; path = ViewController.h; sourceTree = "<group>"; };
		C03FCE7916B50CE8006574E1 /* ViewController.m */ = {isa = PBXFileReference; fileEncoding = 4; lastKnownFileType = sourcecode.c.objc; path = ViewController.m; sourceTree = "<group>"; };
/* End PBXFileReference section */

/* Begin PBXFrameworksBuildPhase section */
		C03FCE5016B50C36006574E1 /* Frameworks */ = {
			isa = PBXFrameworksBuildPhase;
			buildActionMask = 2147483647;
			files = (
				C03FCE5816B50C36006574E1 /* UIKit.framework in Frameworks */,
				C03FCE5A16B50C36006574E1 /* Foundation.framework in Frameworks */,
				C03FCE5C16B50C36006574E1 /* CoreGraphics.framework in Frameworks */,
			);
			runOnlyForDeploymentPostprocessing = 0;
		};
/* End PBXFrameworksBuildPhase section */

/* Begin PBXGroup section */
		C03FCE4816B50C35006574E1 = {
			isa = PBXGroup;
			children = (
				C03FCE5D16B50C36006574E1 /* Network */,
				C03FCE5616B50C36006574E1 /* Frameworks */,
				C03FCE5416B50C36006574E1 /* Products */,
			);
			sourceTree = "<group>";
		};
		C03FCE5416B50C36006574E1 /* Products */ = {
			isa = PBXGroup;
			children = (
				C03FCE5316B50C36006574E1 /* Network.app */,
			);
			name = Products;
			sourceTree = "<group>";
		};
		C03FCE5616B50C36006574E1 /* Frameworks */ = {
			isa = PBXGroup;
			children = (
				C03FCE5716B50C36006574E1 /* UIKit.framework */,
				C03FCE5916B50C36006574E1 /* Foundation.framework */,
				C03FCE5B16B50C36006574E1 /* CoreGraphics.framework */,
			);
			name = Frameworks;
			sourceTree = "<group>";
		};
		C03FCE5D16B50C36006574E1 /* Network */ = {
			isa = PBXGroup;
			children = (
				C03FCE6616B50C36006574E1 /* AppDelegate.h */,
				C03FCE6716B50C36006574E1 /* AppDelegate.m */,
				C03FCE7816B50CE8006574E1 /* ViewController.h */,
				C03FCE7916B50CE8006574E1 /* ViewController.m */,
				C03FCE5E16B50C36006574E1 /* Supporting Files */,
			);
			path = Network;
			sourceTree = "<group>";
		};
		C03FCE5E16B50C36006574E1 /* Supporting Files */ = {
			isa = PBXGroup;
			children = (
				C03FCE5F16B50C36006574E1 /* Network-Info.plist */,
				C03FCE6016B50C36006574E1 /* InfoPlist.strings */,
				C03FCE6316B50C36006574E1 /* main.m */,
				C03FCE6516B50C36006574E1 /* Network-Prefix.pch */,
				C03FCE6916B50C36006574E1 /* Default.png */,
				C03FCE6B16B50C36006574E1 /* Default@2x.png */,
				C03FCE6D16B50C36006574E1 /* Default-568h@2x.png */,
			);
			name = "Supporting Files";
			sourceTree = "<group>";
		};
/* End PBXGroup section */

/* Begin PBXNativeTarget section */
		C03FCE5216B50C36006574E1 /* Network */ = {
			isa = PBXNativeTarget;
			buildConfigurationList = C03FCE7116B50C36006574E1 /* Build configuration list for PBXNativeTarget "Network" */;
			buildPhases = (
				C03FCE4F16B50C36006574E1 /* Sources */,
				C03FCE5016B50C36006574E1 /* Frameworks */,
				C03FCE5116B50C36006574E1 /* Resources */,
			);
			buildRules = (
			);
			dependencies = (
			);
			name = Network;
			productName = Network;
			productReference = C03FCE5316B50C36006574E1 /* Network.app */;
			productType = "com.apple.product-type.application";
		};
/* End PBXNativeTarget section */

/* Begin PBXProject section */
		C03FCE4A16B50C35006574E1 /* Project object */ = {
			isa = PBXProject;
			attributes = {
				LastUpgradeCheck = 0450;
				ORGANIZATIONNAME = Ayakix;
			};
			buildConfigurationList = C03FCE4D16B50C35006574E1 /* Build configuration list for PBXProject "Network" */;
			compatibilityVersion = "Xcode 3.2";
			developmentRegion = English;
			hasScannedForEncodings = 0;
			knownRegions = (
				en,
			);
			mainGroup = C03FCE4816B50C35006574E1;
			productRefGroup = C03FCE5416B50C36006574E1 /* Products */;
			projectDirPath = "";
			projectRoot = "";
			targets = (
				C03FCE5216B50C36006574E1 /* Network */,
			);
		};
/* End PBXProject section */

/* Begin PBXResourcesBuildPhase section */
		C03FCE5116B50C36006574E1 /* Resources */ = {
			isa = PBXResourcesBuildPhase;
			buildActionMask = 2147483647;
			files = (
				C03FCE6216B50C36006574E1 /* InfoPlist.strings in Resources */,
				C03FCE6A16B50C36006574E1 /* Default.png in Resources */,
				C03FCE6C16B50C36006574E1 /* Default@2x.png in Resources */,
				C03FCE6E16B50C36006574E1 /* Default-568h@2x.png in Resources */,
			);
			runOnlyForDeploymentPostprocessing = 0;
		};
/* End PBXResourcesBuildPhase section */

/* Begin PBXSourcesBuildPhase section */
		C03FCE4F16B50C36006574E1 /* Sources */ = {
			isa = PBXSourcesBuildPhase;
			buildActionMask = 2147483647;
			files = (
				C03FCE6416B50C36006574E1 /* main.m in Sources */,
				C03FCE6816B50C36006574E1 /* AppDelegate.m in Sources */,
				C03FCE7A16B50CE8006574E1 /* ViewController.m in Sources */,
			);
			runOnlyForDeploymentPostprocessing = 0;
		};
/* End PBXSourcesBuildPhase section */

/* Begin PBXVariantGroup section */
		C03FCE6016B50C36006574E1 /* InfoPlist.strings */ = {
			isa = PBXVariantGroup;
			children = (
				C03FCE6116B50C36006574E1 /* en */,
			);
			name = InfoPlist.strings;
			sourceTree = "<group>";
		};
/* End PBXVariantGroup section */

/* Begin XCBuildConfiguration section */
		C03FCE6F16B50C36006574E1 /* Debug */ = {
			isa = XCBuildConfiguration;
			buildSettings = {
				ALWAYS_SEARCH_USER_PATHS = NO;
				CLANG_CXX_LANGUAGE_STANDARD = "gnu++0x";
				CLANG_CXX_LIBRARY = "libc++";
				CLANG_WARN_EMPTY_BODY = YES;
				CLANG_WARN__DUPLICATE_METHOD_MATCH = YES;
				"CODE_SIGN_IDENTITY[sdk=iphoneos*]" = "iPhone Developer";
				COPY_PHASE_STRIP = NO;
				GCC_C_LANGUAGE_STANDARD = gnu99;
				GCC_DYNAMIC_NO_PIC = NO;
				GCC_OPTIMIZATION_LEVEL = 0;
				GCC_PREPROCESSOR_DEFINITIONS = (
					"DEBUG=1",
					"$(inherited)",
				);
				GCC_SYMBOLS_PRIVATE_EXTERN = NO;
				GCC_WARN_ABOUT_RETURN_TYPE = YES;
				GCC_WARN_UNINITIALIZED_AUTOS = YES;
				GCC_WARN_UNUSED_VARIABLE = YES;
				IPHONEOS_DEPLOYMENT_TARGET = 6.0;
				ONLY_ACTIVE_ARCH = YES;
				SDKROOT = iphoneos;
			};
			name = Debug;
		};
		C03FCE7016B50C36006574E1 /* Release */ = {
			isa = XCBuildConfiguration;
			buildSettings = {
				ALWAYS_SEARCH_USER_PATHS = NO;
				CLANG_CXX_LANGUAGE_STANDARD = "gnu++0x";
				CLANG_CXX_LIBRARY = "libc++";
				CLANG_WARN_EMPTY_BODY = YES;
				CLANG_WARN__DUPLICATE_METHOD_MATCH = YES;
				"CODE_SIGN_IDENTITY[sdk=iphoneos*]" = "iPhone Developer";
				COPY_PHASE_STRIP = YES;
				GCC_C_LANGUAGE_STANDARD = gnu99;
				GCC_WARN_ABOUT_RETURN_TYPE = YES;
				GCC_WARN_UNINITIALIZED_AUTOS = YES;
				GCC_WARN_UNUSED_VARIABLE = YES;
				IPHONEOS_DEPLOYMENT_TARGET = 6.0;
				OTHER_CFLAGS = "-DNS_BLOCK_ASSERTIONS=1";
				SDKROOT = iphoneos;
				VALIDATE_PRODUCT = YES;
			};
			name = Release;
		};
		C03FCE7216B50C36006574E1 /* Debug */ = {
			isa = XCBuildConfiguration;
			buildSettings = {
				GCC_PRECOMPILE_PREFIX_HEADER = YES;
				GCC_PREFIX_HEADER = "Network/Network-Prefix.pch";
				INFOPLIST_FILE = "Network/Network-Info.plist";
				PRODUCT_NAME = "$(TARGET_NAME)";
				WRAPPER_EXTENSION = app;
			};
			name = Debug;
		};
		C03FCE7316B50C36006574E1 /* Release */ = {
			isa = XCBuildConfiguration;
			buildSettings = {
				GCC_PRECOMPILE_PREFIX_HEADER = YES;
				GCC_PREFIX_HEADER = "Network/Network-Prefix.pch";
				INFOPLIST_FILE = "Network/Network-Info.plist";
				PRODUCT_NAME = "$(TARGET_NAME)";
				WRAPPER_EXTENSION = app;
			};
			name = Release;
		};
/* End XCBuildConfiguration section */

/* Begin XCConfigurationList section */
		C03FCE4D16B50C35006574E1 /* Build configuration list for PBXProject "Network" */ = {
			isa = XCConfigurationList;
			buildConfigurations = (
				C03FCE6F16B50C36006574E1 /* Debug */,
				C03FCE7016B50C36006574E1 /* Release */,
			);
			defaultConfigurationIsVisible = 0;
			defaultConfigurationName = Release;
		};
		C03FCE7116B50C36006574E1 /* Build configuration list for PBXNativeTarget "Network" */ = {
			isa = XCConfigurationList;
			buildConfigurations = (
				C03FCE7216B50C36006574E1 /* Debug */,
				C03FCE7316B50C36006574E1 /* Release */,
			);
			defaultConfigurationIsVisible = 0;
		};
/* End XCConfigurationList section */
	};
	rootObject = C03FCE4A16B50C35006574E1 /* Project object */;
}
